
Microsoft Visual Studio Solution File, Format Version 12.00
# Visual Studio Version 16
VisualStudioVersion = 16.0.29613.14
MinimumVisualStudioVersion = 10.0.40219.1
Project("{FAE04EC0-301F-11D3-BF4B-00C04F79EFBC}") = "SQATA1Rectangle", "SQATA1Rectangle\SQATA1Rectangle.csproj", "{666A6A77-B3A8-4E48-8029-B77CD9A0FF6A}"
EndProject
Project("{FAE04EC0-301F-11D3-BF4B-00C04F79EFBC}") = "SQATA1Rectangle.Tests", "SQATA1Rectangle.Tests\SQATA1Rectangle.Tests.csproj", "{C4FDCFB0-7B84-40C8-8D79-26C41E9A60AF}"
EndProject
Global
	GlobalSection(SolutionConfigurationPlatforms) = preSolution
		Debug|Any CPU = Debug|Any CPU
		Release|Any CPU = Release|Any CPU
	EndGlobalSection
	GlobalSection(ProjectConfigurationPlatforms) = postSolution
		{666A6A77-B3A8-4E48-8029-B77CD9A0FF6A}.Debug|Any CPU.ActiveCfg = Debug|Any CPU
		{666A6A77-B3A8-4E48-8029-B77CD9A0FF6A}.Debug|Any CPU.Build.0 = Debug|Any CPU
		{666A6A77-B3A8-4E48-8029-B77CD9A0FF6A}.Release|Any CPU.ActiveCfg = Release|Any CPU
		{666A6A77-B3A8-4E48-8029-B77CD9A0FF6A}.Release|Any CPU.Build.0 = Release|Any CPU
		{C4FDCFB0-7B84-40C8-8D79-26C41E9A60AF}.Debug|Any CPU.ActiveCfg = Debug|Any CPU
		{C4FDCFB0-7B84-40C8-8D79-26C41E9A60AF}.Debug|Any CPU.Build.0 = Debug|Any CPU
		{C4FDCFB0-7B84-40C8-8D79-26C41E9A60AF}.Release|Any CPU.ActiveCfg = Release|Any CPU
		{C4FDCFB0-7B84-40C8-8D79-26C41E9A60AF}.Release|Any CPU.Build.0 = Release|Any CPU
	EndGlobalSection
	GlobalSection(SolutionProperties) = preSolution
		HideSolutionNode = FALSE
	EndGlobalSection
	GlobalSection(ExtensibilityGlobals) = postSolution
		SolutionGuid = {981C1419-B937-4049-AABD-B84D8D72497E}
	EndGlobalSection
EndGlobal
